
Microsoft Visual Studio Solution File, Format Version 12.00
# Visual Studio Version 17
VisualStudioVersion = 17.7.34024.191
MinimumVisualStudioVersion = 10.0.40219.1
Project("{FAE04EC0-301F-11D3-BF4B-00C04F79EFBC}") = "Chinook", "Chinook.csproj", "{2D177EB0-8DC1-4EED-8A77-6F8E9F6F1351}"
EndProject
Global
	GlobalSection(SolutionConfigurationPlatforms) = preSolution
		Debug|Any CPU = Debug|Any CPU
		Release|Any CPU = Release|Any CPU
	EndGlobalSection
	GlobalSection(ProjectConfigurationPlatforms) = postSolution
		{2D177EB0-8DC1-4EED-8A77-6F8E9F6F1351}.Debug|Any CPU.ActiveCfg = Debug|Any CPU
		{2D177EB0-8DC1-4EED-8A77-6F8E9F6F1351}.Debug|Any CPU.Build.0 = Debug|Any CPU
		{2D177EB0-8DC1-4EED-8A77-6F8E9F6F1351}.Release|Any CPU.ActiveCfg = Release|Any CPU
		{2D177EB0-8DC1-4EED-8A77-6F8E9F6F1351}.Release|Any CPU.Build.0 = Release|Any CPU
	EndGlobalSection
	GlobalSection(SolutionProperties) = preSolution
		HideSolutionNode = FALSE
	EndGlobalSection
	GlobalSection(ExtensibilityGlobals) = postSolution
		SolutionGuid = {9E977F49-2693-4DC7-B7DA-F30196F32C37}
	EndGlobalSection
EndGlobal
